// !$*UTF8*$!
{
	archiveVersion = 1;
	classes = {
	};
	objectVersion = 50;
	objects = {

/* Begin PBXBuildFile section */
		93B37F6723ECA22E009BCAE9 /* AppDelegate.swift in Sources */ = {isa = PBXBuildFile; fileRef = 93B37F6623ECA22E009BCAE9 /* AppDelegate.swift */; };
		93B37F6923ECA22E009BCAE9 /* SceneDelegate.swift in Sources */ = {isa = PBXBuildFile; fileRef = 93B37F6823ECA22E009BCAE9 /* SceneDelegate.swift */; };
		93B37F6B23ECA22E009BCAE9 /* ViewController.swift in Sources */ = {isa = PBXBuildFile; fileRef = 93B37F6A23ECA22E009BCAE9 /* ViewController.swift */; };
		93B37F6E23ECA22E009BCAE9 /* Main.storyboard in Resources */ = {isa = PBXBuildFile; fileRef = 93B37F6C23ECA22E009BCAE9 /* Main.storyboard */; };
		93B37F7023ECA230009BCAE9 /* Assets.xcassets in Resources */ = {isa = PBXBuildFile; fileRef = 93B37F6F23ECA230009BCAE9 /* Assets.xcassets */; };
		93B37F7323ECA230009BCAE9 /* LaunchScreen.storyboard in Resources */ = {isa = PBXBuildFile; fileRef = 93B37F7123ECA230009BCAE9 /* LaunchScreen.storyboard */; };
		93B37F7E23ECA231009BCAE9 /* HackwichThreeTests.swift in Sources */ = {isa = PBXBuildFile; fileRef = 93B37F7D23ECA231009BCAE9 /* HackwichThreeTests.swift */; };
		93B37F8923ECA231009BCAE9 /* HackwichThreeUITests.swift in Sources */ = {isa = PBXBuildFile; fileRef = 93B37F8823ECA231009BCAE9 /* HackwichThreeUITests.swift */; };
/* End PBXBuildFile section */

/* Begin PBXContainerItemProxy section */
		93B37F7A23ECA231009BCAE9 /* PBXContainerItemProxy */ = {
			isa = PBXContainerItemProxy;
			containerPortal = 93B37F5B23ECA22E009BCAE9 /* Project object */;
			proxyType = 1;
			remoteGlobalIDString = 93B37F6223ECA22E009BCAE9;
			remoteInfo = HackwichThree;
		};
		93B37F8523ECA231009BCAE9 /* PBXContainerItemProxy */ = {
			isa = PBXContainerItemProxy;
			containerPortal = 93B37F5B23ECA22E009BCAE9 /* Project object */;
			proxyType = 1;
			remoteGlobalIDString = 93B37F6223ECA22E009BCAE9;
			remoteInfo = HackwichThree;
		};
/* End PBXContainerItemProxy section */

/* Begin PBXFileReference section */
		93B37F6323ECA22E009BCAE9 /* HackwichThree.app */ = {isa = PBXFileReference; explicitFileType = wrapper.application; includeInIndex = 0; path = HackwichThree.app; sourceTree = BUILT_PRODUCTS_DIR; };
		93B37F6623ECA22E009BCAE9 /* AppDelegate.swift */ = {isa = PBXFileReference; lastKnownFileType = sourcecode.swift; path = AppDelegate.swift; sourceTree = "<group>"; };
		93B37F6823ECA22E009BCAE9 /* SceneDelegate.swift */ = {isa = PBXFileReference; lastKnownFileType = sourcecode.swift; path = SceneDelegate.swift; sourceTree = "<group>"; };
		93B37F6A23ECA22E009BCAE9 /* ViewController.swift */ = {isa = PBXFileReference; lastKnownFileType = sourcecode.swift; path = ViewController.swift; sourceTree = "<group>"; };
		93B37F6D23ECA22E009BCAE9 /* Base */ = {isa = PBXFileReference; lastKnownFileType = file.storyboard; name = Base; path = Base.lproj/Main.storyboard; sourceTree = "<group>"; };
		93B37F6F23ECA230009BCAE9 /* Assets.xcassets */ = {isa = PBXFileReference; lastKnownFileType = folder.assetcatalog; path = Assets.xcassets; sourceTree = "<group>"; };
		93B37F7223ECA230009BCAE9 /* Base */ = {isa = PBXFileReference; lastKnownFileType = file.storyboard; name = Base; path = Base.lproj/LaunchScreen.storyboard; sourceTree = "<group>"; };
		93B37F7423ECA231009BCAE9 /* Info.plist */ = {isa = PBXFileReference; lastKnownFileType = text.plist.xml; path = Info.plist; sourceTree = "<group>"; };
		93B37F7923ECA231009BCAE9 /* HackwichThreeTests.xctest */ = {isa = PBXFileReference; explicitFileType = wrapper.cfbundle; includeInIndex = 0; path = HackwichThreeTests.xctest; sourceTree = BUILT_PRODUCTS_DIR; };
		93B37F7D23ECA231009BCAE9 /* HackwichThreeTests.swift */ = {isa = PBXFileReference; lastKnownFileType = sourcecode.swift; path = HackwichThreeTests.swift; sourceTree = "<group>"; };
		93B37F7F23ECA231009BCAE9 /* Info.plist */ = {isa = PBXFileReference; lastKnownFileType = text.plist.xml; path = Info.plist; sourceTree = "<group>"; };
		93B37F8423ECA231009BCAE9 /* HackwichThreeUITests.xctest */ = {isa = PBXFileReference; explicitFileType = wrapper.cfbundle; includeInIndex = 0; path = HackwichThreeUITests.xctest; sourceTree = BUILT_PRODUCTS_DIR; };
		93B37F8823ECA231009BCAE9 /* HackwichThreeUITests.swift */ = {isa = PBXFileReference; lastKnownFileType = sourcecode.swift; path = HackwichThreeUITests.swift; sourceTree = "<group>"; };
		93B37F8A23ECA231009BCAE9 /* Info.plist */ = {isa = PBXFileReference; lastKnownFileType = text.plist.xml; path = Info.plist; sourceTree = "<group>"; };
/* End PBXFileReference section */

/* Begin PBXFrameworksBuildPhase section */
		93B37F6023ECA22E009BCAE9 /* Frameworks */ = {
			isa = PBXFrameworksBuildPhase;
			buildActionMask = 2147483647;
			files = (
			);
			runOnlyForDeploymentPostprocessing = 0;
		};
		93B37F7623ECA231009BCAE9 /* Frameworks */ = {
			isa = PBXFrameworksBuildPhase;
			buildActionMask = 2147483647;
			files = (
			);
			runOnlyForDeploymentPostprocessing = 0;
		};
		93B37F8123ECA231009BCAE9 /* Frameworks */ = {
			isa = PBXFrameworksBuildPhase;
			buildActionMask = 2147483647;
			files = (
			);
			runOnlyForDeploymentPostprocessing = 0;
		};
/* End PBXFrameworksBuildPhase section */

/* Begin PBXGroup section */
		93B37F5A23ECA22E009BCAE9 = {
			isa = PBXGroup;
			children = (
				93B37F6523ECA22E009BCAE9 /* HackwichThree */,
				93B37F7C23ECA231009BCAE9 /* HackwichThreeTests */,
				93B37F8723ECA231009BCAE9 /* HackwichThreeUITests */,
				93B37F6423ECA22E009BCAE9 /* Products */,
			);
			sourceTree = "<group>";
		};
		93B37F6423ECA22E009BCAE9 /* Products */ = {
			isa = PBXGroup;
			children = (
				93B37F6323ECA22E009BCAE9 /* HackwichThree.app */,
				93B37F7923ECA231009BCAE9 /* HackwichThreeTests.xctest */,
				93B37F8423ECA231009BCAE9 /* HackwichThreeUITests.xctest */,
			);
			name = Products;
			sourceTree = "<group>";
		};
		93B37F6523ECA22E009BCAE9 /* HackwichThree */ = {
			isa = PBXGroup;
			children = (
				93B37F6623ECA22E009BCAE9 /* AppDelegate.swift */,
				93B37F6823ECA22E009BCAE9 /* SceneDelegate.swift */,
				93B37F6A23ECA22E009BCAE9 /* ViewController.swift */,
				93B37F6C23ECA22E009BCAE9 /* Main.storyboard */,
				93B37F6F23ECA230009BCAE9 /* Assets.xcassets */,
				93B37F7123ECA230009BCAE9 /* LaunchScreen.storyboard */,
				93B37F7423ECA231009BCAE9 /* Info.plist */,
			);
			path = HackwichThree;
			sourceTree = "<group>";
		};
		93B37F7C23ECA231009BCAE9 /* HackwichThreeTests */ = {
			isa = PBXGroup;
			children = (
				93B37F7D23ECA231009BCAE9 /* HackwichThreeTests.swift */,
				93B37F7F23ECA231009BCAE9 /* Info.plist */,
			);
			path = HackwichThreeTests;
			sourceTree = "<group>";
		};
		93B37F8723ECA231009BCAE9 /* HackwichThreeUITests */ = {
			isa = PBXGroup;
			children = (
				93B37F8823ECA231009BCAE9 /* HackwichThreeUITests.swift */,
				93B37F8A23ECA231009BCAE9 /* Info.plist */,
			);
			path = HackwichThreeUITests;
			sourceTree = "<group>";
		};
/* End PBXGroup section */

/* Begin PBXNativeTarget section */
		93B37F6223ECA22E009BCAE9 /* HackwichThree */ = {
			isa = PBXNativeTarget;
			buildConfigurationList = 93B37F8D23ECA231009BCAE9 /* Build configuration list for PBXNativeTarget "HackwichThree" */;
			buildPhases = (
				93B37F5F23ECA22E009BCAE9 /* Sources */,
				93B37F6023ECA22E009BCAE9 /* Frameworks */,
				93B37F6123ECA22E009BCAE9 /* Resources */,
			);
			buildRules = (
			);
			dependencies = (
			);
			name = HackwichThree;
			productName = HackwichThree;
			productReference = 93B37F6323ECA22E009BCAE9 /* HackwichThree.app */;
			productType = "com.apple.product-type.application";
		};
		93B37F7823ECA231009BCAE9 /* HackwichThreeTests */ = {
			isa = PBXNativeTarget;
			buildConfigurationList = 93B37F9023ECA231009BCAE9 /* Build configuration list for PBXNativeTarget "HackwichThreeTests" */;
			buildPhases = (
				93B37F7523ECA231009BCAE9 /* Sources */,
				93B37F7623ECA231009BCAE9 /* Frameworks */,
				93B37F7723ECA231009BCAE9 /* Resources */,
			);
			buildRules = (
			);
			dependencies = (
				93B37F7B23ECA231009BCAE9 /* PBXTargetDependency */,
			);
			name = HackwichThreeTests;
			productName = HackwichThreeTests;
			productReference = 93B37F7923ECA231009BCAE9 /* HackwichThreeTests.xctest */;
			productType = "com.apple.product-type.bundle.unit-test";
		};
		93B37F8323ECA231009BCAE9 /* HackwichThreeUITests */ = {
			isa = PBXNativeTarget;
			buildConfigurationList = 93B37F9323ECA231009BCAE9 /* Build configuration list for PBXNativeTarget "HackwichThreeUITests" */;
			buildPhases = (
				93B37F8023ECA231009BCAE9 /* Sources */,
				93B37F8123ECA231009BCAE9 /* Frameworks */,
				93B37F8223ECA231009BCAE9 /* Resources */,
			);
			buildRules = (
			);
			dependencies = (
				93B37F8623ECA231009BCAE9 /* PBXTargetDependency */,
			);
			name = HackwichThreeUITests;
			productName = HackwichThreeUITests;
			productReference = 93B37F8423ECA231009BCAE9 /* HackwichThreeUITests.xctest */;
			productType = "com.apple.product-type.bundle.ui-testing";
		};
/* End PBXNativeTarget section */

/* Begin PBXProject section */
		93B37F5B23ECA22E009BCAE9 /* Project object */ = {
			isa = PBXProject;
			attributes = {
				LastSwiftUpdateCheck = 1130;
				LastUpgradeCheck = 1130;
				ORGANIZATIONNAME = "Isaac Cruz";
				TargetAttributes = {
					93B37F6223ECA22E009BCAE9 = {
						CreatedOnToolsVersion = 11.3.1;
					};
					93B37F7823ECA231009BCAE9 = {
						CreatedOnToolsVersion = 11.3.1;
						TestTargetID = 93B37F6223ECA22E009BCAE9;
					};
					93B37F8323ECA231009BCAE9 = {
						CreatedOnToolsVersion = 11.3.1;
						TestTargetID = 93B37F6223ECA22E009BCAE9;
					};
				};
			};
			buildConfigurationList = 93B37F5E23ECA22E009BCAE9 /* Build configuration list for PBXProject "HackwichThree" */;
			compatibilityVersion = "Xcode 9.3";
			developmentRegion = en;
			hasScannedForEncodings = 0;
			knownRegions = (
				en,
				Base,
			);
			mainGroup = 93B37F5A23ECA22E009BCAE9;
			productRefGroup = 93B37F6423ECA22E009BCAE9 /* Products */;
			projectDirPath = "";
			projectRoot = "";
			targets = (
				93B37F6223ECA22E009BCAE9 /* HackwichThree */,
				93B37F7823ECA231009BCAE9 /* HackwichThreeTests */,
				93B37F8323ECA231009BCAE9 /* HackwichThreeUITests */,
			);
		};
/* End PBXProject section */

/* Begin PBXResourcesBuildPhase section */
		93B37F6123ECA22E009BCAE9 /* Resources */ = {
			isa = PBXResourcesBuildPhase;
			buildActionMask = 2147483647;
			files = (
				93B37F7323ECA230009BCAE9 /* LaunchScreen.storyboard in Resources */,
				93B37F7023ECA230009BCAE9 /* Assets.xcassets in Resources */,
				93B37F6E23ECA22E009BCAE9 /* Main.storyboard in Resources */,
			);
			runOnlyForDeploymentPostprocessing = 0;
		};
		93B37F7723ECA231009BCAE9 /* Resources */ = {
			isa = PBXResourcesBuildPhase;
			buildActionMask = 2147483647;
			files = (
			);
			runOnlyForDeploymentPostprocessing = 0;
		};
		93B37F8223ECA231009BCAE9 /* Resources */ = {
			isa = PBXResourcesBuildPhase;
			buildActionMask = 2147483647;
			files = (
			);
			runOnlyForDeploymentPostprocessing = 0;
		};
/* End PBXResourcesBuildPhase section */

/* Begin PBXSourcesBuildPhase section */
		93B37F5F23ECA22E009BCAE9 /* Sources */ = {
			isa = PBXSourcesBuildPhase;
			buildActionMask = 2147483647;
			files = (
				93B37F6B23ECA22E009BCAE9 /* ViewController.swift in Sources */,
				93B37F6723ECA22E009BCAE9 /* AppDelegate.swift in Sources */,
				93B37F6923ECA22E009BCAE9 /* SceneDelegate.swift in Sources */,
			);
			runOnlyForDeploymentPostprocessing = 0;
		};
		93B37F7523ECA231009BCAE9 /* Sources */ = {
			isa = PBXSourcesBuildPhase;
			buildActionMask = 2147483647;
			files = (
				93B37F7E23ECA231009BCAE9 /* HackwichThreeTests.swift in Sources */,
			);
			runOnlyForDeploymentPostprocessing = 0;
		};
		93B37F8023ECA231009BCAE9 /* Sources */ = {
			isa = PBXSourcesBuildPhase;
			buildActionMask = 2147483647;
			files = (
				93B37F8923ECA231009BCAE9 /* HackwichThreeUITests.swift in Sources */,
			);
			runOnlyForDeploymentPostprocessing = 0;
		};
/* End PBXSourcesBuildPhase section */

/* Begin PBXTargetDependency section */
		93B37F7B23ECA231009BCAE9 /* PBXTargetDependency */ = {
			isa = PBXTargetDependency;
			target = 93B37F6223ECA22E009BCAE9 /* HackwichThree */;
			targetProxy = 93B37F7A23ECA231009BCAE9 /* PBXContainerItemProxy */;
		};
		93B37F8623ECA231009BCAE9 /* PBXTargetDependency */ = {
			isa = PBXTargetDependency;
			target = 93B37F6223ECA22E009BCAE9 /* HackwichThree */;
			targetProxy = 93B37F8523ECA231009BCAE9 /* PBXContainerItemProxy */;
		};
/* End PBXTargetDependency section */

/* Begin PBXVariantGroup section */
		93B37F6C23ECA22E009BCAE9 /* Main.storyboard */ = {
			isa = PBXVariantGroup;
			children = (
				93B37F6D23ECA22E009BCAE9 /* Base */,
			);
			name = Main.storyboard;
			sourceTree = "<group>";
		};
		93B37F7123ECA230009BCAE9 /* LaunchScreen.storyboard */ = {
			isa = PBXVariantGroup;
			children = (
				93B37F7223ECA230009BCAE9 /* Base */,
			);
			name = LaunchScreen.storyboard;
			sourceTree = "<group>";
		};
/* End PBXVariantGroup section */

/* Begin XCBuildConfiguration section */
		93B37F8B23ECA231009BCAE9 /* Debug */ = {
			isa = XCBuildConfiguration;
			buildSettings = {
				ALWAYS_SEARCH_USER_PATHS = NO;
				CLANG_ANALYZER_NONNULL = YES;
				CLANG_ANALYZER_NUMBER_OBJECT_CONVERSION = YES_AGGRESSIVE;
				CLANG_CXX_LANGUAGE_STANDARD = "gnu++14";
				CLANG_CXX_LIBRARY = "libc++";
				CLANG_ENABLE_MODULES = YES;
				CLANG_ENABLE_OBJC_ARC = YES;
				CLANG_ENABLE_OBJC_WEAK = YES;
				CLANG_WARN_BLOCK_CAPTURE_AUTORELEASING = YES;
				CLANG_WARN_BOOL_CONVERSION = YES;
				CLANG_WARN_COMMA = YES;
				CLANG_WARN_CONSTANT_CONVERSION = YES;
				CLANG_WARN_DEPRECATED_OBJC_IMPLEMENTATIONS = YES;
				CLANG_WARN_DIRECT_OBJC_ISA_USAGE = YES_ERROR;
				CLANG_WARN_DOCUMENTATION_COMMENTS = YES;
				CLANG_WARN_EMPTY_BODY = YES;
				CLANG_WARN_ENUM_CONVERSION = YES;
				CLANG_WARN_INFINITE_RECURSION = YES;
				CLANG_WARN_INT_CONVERSION = YES;
				CLANG_WARN_NON_LITERAL_NULL_CONVERSION = YES;
				CLANG_WARN_OBJC_IMPLICIT_RETAIN_SELF = YES;
				CLANG_WARN_OBJC_LITERAL_CONVERSION = YES;
				CLANG_WARN_OBJC_ROOT_CLASS = YES_ERROR;
				CLANG_WARN_RANGE_LOOP_ANALYSIS = YES;
				CLANG_WARN_STRICT_PROTOTYPES = YES;
				CLANG_WARN_SUSPICIOUS_MOVE = YES;
				CLANG_WARN_UNGUARDED_AVAILABILITY = YES_AGGRESSIVE;
				CLANG_WARN_UNREACHABLE_CODE = YES;
				CLANG_WARN__DUPLICATE_METHOD_MATCH = YES;
				COPY_PHASE_STRIP = NO;
				DEBUG_INFORMATION_FORMAT = dwarf;
				ENABLE_STRICT_OBJC_MSGSEND = YES;
				ENABLE_TESTABILITY = YES;
				GCC_C_LANGUAGE_STANDARD = gnu11;
				GCC_DYNAMIC_NO_PIC = NO;
				GCC_NO_COMMON_BLOCKS = YES;
				GCC_OPTIMIZATION_LEVEL = 0;
				GCC_PREPROCESSOR_DEFINITIONS = (
					"DEBUG=1",
					"$(inherited)",
				);
				GCC_WARN_64_TO_32_BIT_CONVERSION = YES;
				GCC_WARN_ABOUT_RETURN_TYPE = YES_ERROR;
				GCC_WARN_UNDECLARED_SELECTOR = YES;
				GCC_WARN_UNINITIALIZED_AUTOS = YES_AGGRESSIVE;
				GCC_WARN_UNUSED_FUNCTION = YES;
				GCC_WARN_UNUSED_VARIABLE = YES;
				IPHONEOS_DEPLOYMENT_TARGET = 13.2;
				MTL_ENABLE_DEBUG_INFO = INCLUDE_SOURCE;
				MTL_FAST_MATH = YES;
				ONLY_ACTIVE_ARCH = YES;
				SDKROOT = iphoneos;
				SWIFT_ACTIVE_COMPILATION_CONDITIONS = DEBUG;
				SWIFT_OPTIMIZATION_LEVEL = "-Onone";
			};
			name = Debug;
		};
		93B37F8C23ECA231009BCAE9 /* Release */ = {
			isa = XCBuildConfiguration;
			buildSettings = {
				ALWAYS_SEARCH_USER_PATHS = NO;
				CLANG_ANALYZER_NONNULL = YES;
				CLANG_ANALYZER_NUMBER_OBJECT_CONVERSION = YES_AGGRESSIVE;
				CLANG_CXX_LANGUAGE_STANDARD = "gnu++14";
				CLANG_CXX_LIBRARY = "libc++";
				CLANG_ENABLE_MODULES = YES;
				CLANG_ENABLE_OBJC_ARC = YES;
				CLANG_ENABLE_OBJC_WEAK = YES;
				CLANG_WARN_BLOCK_CAPTURE_AUTORELEASING = YES;
				CLANG_WARN_BOOL_CONVERSION = YES;
				CLANG_WARN_COMMA = YES;
				CLANG_WARN_CONSTANT_CONVERSION = YES;
				CLANG_WARN_DEPRECATED_OBJC_IMPLEMENTATIONS = YES;
				CLANG_WARN_DIRECT_OBJC_ISA_USAGE = YES_ERROR;
				CLANG_WARN_DOCUMENTATION_COMMENTS = YES;
				CLANG_WARN_EMPTY_BODY = YES;
				CLANG_WARN_ENUM_CONVERSION = YES;
				CLANG_WARN_INFINITE_RECURSION = YES;
				CLANG_WARN_INT_CONVERSION = YES;
				CLANG_WARN_NON_LITERAL_NULL_CONVERSION = YES;
				CLANG_WARN_OBJC_IMPLICIT_RETAIN_SELF = YES;
				CLANG_WARN_OBJC_LITERAL_CONVERSION = YES;
				CLANG_WARN_OBJC_ROOT_CLASS = YES_ERROR;
				CLANG_WARN_RANGE_LOOP_ANALYSIS = YES;
				CLANG_WARN_STRICT_PROTOTYPES = YES;
				CLANG_WARN_SUSPICIOUS_MOVE = YES;
				CLANG_WARN_UNGUARDED_AVAILABILITY = YES_AGGRESSIVE;
				CLANG_WARN_UNREACHABLE_CODE = YES;
				CLANG_WARN__DUPLICATE_METHOD_MATCH = YES;
				COPY_PHASE_STRIP = NO;
				DEBUG_INFORMATION_FORMAT = "dwarf-with-dsym";
				ENABLE_NS_ASSERTIONS = NO;
				ENABLE_STRICT_OBJC_MSGSEND = YES;
				GCC_C_LANGUAGE_STANDARD = gnu11;
				GCC_NO_COMMON_BLOCKS = YES;
				GCC_WARN_64_TO_32_BIT_CONVERSION = YES;
				GCC_WARN_ABOUT_RETURN_TYPE = YES_ERROR;
				GCC_WARN_UNDECLARED_SELECTOR = YES;
				GCC_WARN_UNINITIALIZED_AUTOS = YES_AGGRESSIVE;
				GCC_WARN_UNUSED_FUNCTION = YES;
				GCC_WARN_UNUSED_VARIABLE = YES;
				IPHONEOS_DEPLOYMENT_TARGET = 13.2;
				MTL_ENABLE_DEBUG_INFO = NO;
				MTL_FAST_MATH = YES;
				SDKROOT = iphoneos;
				SWIFT_COMPILATION_MODE = wholemodule;
				SWIFT_OPTIMIZATION_LEVEL = "-O";
				VALIDATE_PRODUCT = YES;
			};
			name = Release;
		};
		93B37F8E23ECA231009BCAE9 /* Debug */ = {
			isa = XCBuildConfiguration;
			buildSettings = {
				ASSETCATALOG_COMPILER_APPICON_NAME = AppIcon;
				CODE_SIGN_STYLE = Automatic;
				INFOPLIST_FILE = HackwichThree/Info.plist;
				LD_RUNPATH_SEARCH_PATHS = (
					"$(inherited)",
					"@executable_path/Frameworks",
				);
				PRODUCT_BUNDLE_IDENTIFIER = uhwo.HackwichThree;
				PRODUCT_NAME = "$(TARGET_NAME)";
				SWIFT_VERSION = 5.0;
				TARGETED_DEVICE_FAMILY = "1,2";
			};
			name = Debug;
		};
		93B37F8F23ECA231009BCAE9 /* Release */ = {
			isa = XCBuildConfiguration;
			buildSettings = {
				ASSETCATALOG_COMPILER_APPICON_NAME = AppIcon;
				CODE_SIGN_STYLE = Automatic;
				INFOPLIST_FILE = HackwichThree/Info.plist;
				LD_RUNPATH_SEARCH_PATHS = (
					"$(inherited)",
					"@executable_path/Frameworks",
				);
				PRODUCT_BUNDLE_IDENTIFIER = uhwo.HackwichThree;
				PRODUCT_NAME = "$(TARGET_NAME)";
				SWIFT_VERSION = 5.0;
				TARGETED_DEVICE_FAMILY = "1,2";
			};
			name = Release;
		};
		93B37F9123ECA231009BCAE9 /* Debug */ = {
			isa = XCBuildConfiguration;
			buildSettings = {
				ALWAYS_EMBED_SWIFT_STANDARD_LIBRARIES = YES;
				BUNDLE_LOADER = "$(TEST_HOST)";
				CODE_SIGN_STYLE = Automatic;
				INFOPLIST_FILE = HackwichThreeTests/Info.plist;
				IPHONEOS_DEPLOYMENT_TARGET = 13.2;
				LD_RUNPATH_SEARCH_PATHS = (
					"$(inherited)",
					"@executable_path/Frameworks",
					"@loader_path/Frameworks",
				);
				PRODUCT_BUNDLE_IDENTIFIER = uhwo.HackwichThreeTests;
				PRODUCT_NAME = "$(TARGET_NAME)";
				SWIFT_VERSION = 5.0;
				TARGETED_DEVICE_FAMILY = "1,2";
				TEST_HOST = "$(BUILT_PRODUCTS_DIR)/HackwichThree.app/HackwichThree";
			};
			name = Debug;
		};
		93B37F9223ECA231009BCAE9 /* Release */ = {
			isa = XCBuildConfiguration;
			buildSettings = {
				ALWAYS_EMBED_SWIFT_STANDARD_LIBRARIES = YES;
				BUNDLE_LOADER = "$(TEST_HOST)";
				CODE_SIGN_STYLE = Automatic;
				INFOPLIST_FILE = HackwichThreeTests/Info.plist;
				IPHONEOS_DEPLOYMENT_TARGET = 13.2;
				LD_RUNPATH_SEARCH_PATHS = (
					"$(inherited)",
					"@executable_path/Frameworks",
					"@loader_path/Frameworks",
				);
				PRODUCT_BUNDLE_IDENTIFIER = uhwo.HackwichThreeTests;
				PRODUCT_NAME = "$(TARGET_NAME)";
				SWIFT_VERSION = 5.0;
				TARGETED_DEVICE_FAMILY = "1,2";
				TEST_HOST = "$(BUILT_PRODUCTS_DIR)/HackwichThree.app/HackwichThree";
			};
			name = Release;
		};
		93B37F9423ECA231009BCAE9 /* Debug */ = {
			isa = XCBuildConfiguration;
			buildSettings = {
				ALWAYS_EMBED_SWIFT_STANDARD_LIBRARIES = YES;
				CODE_SIGN_STYLE = Automatic;
				INFOPLIST_FILE = HackwichThreeUITests/Info.plist;
				LD_RUNPATH_SEARCH_PATHS = (
					"$(inherited)",
					"@executable_path/Frameworks",
					"@loader_path/Frameworks",
				);
				PRODUCT_BUNDLE_IDENTIFIER = uhwo.HackwichThreeUITests;
				PRODUCT_NAME = "$(TARGET_NAME)";
				SWIFT_VERSION = 5.0;
				TARGETED_DEVICE_FAMILY = "1,2";
				TEST_TARGET_NAME = HackwichThree;
			};
			name = Debug;
		};
		93B37F9523ECA231009BCAE9 /* Release */ = {
			isa = XCBuildConfiguration;
			buildSettings = {
				ALWAYS_EMBED_SWIFT_STANDARD_LIBRARIES = YES;
				CODE_SIGN_STYLE = Automatic;
				INFOPLIST_FILE = HackwichThreeUITests/Info.plist;
				LD_RUNPATH_SEARCH_PATHS = (
					"$(inherited)",
					"@executable_path/Frameworks",
					"@loader_path/Frameworks",
				);
				PRODUCT_BUNDLE_IDENTIFIER = uhwo.HackwichThreeUITests;
				PRODUCT_NAME = "$(TARGET_NAME)";
				SWIFT_VERSION = 5.0;
				TARGETED_DEVICE_FAMILY = "1,2";
				TEST_TARGET_NAME = HackwichThree;
			};
			name = Release;
		};
/* End XCBuildConfiguration section */

/* Begin XCConfigurationList section */
		93B37F5E23ECA22E009BCAE9 /* Build configuration list for PBXProject "HackwichThree" */ = {
			isa = XCConfigurationList;
			buildConfigurations = (
				93B37F8B23ECA231009BCAE9 /* Debug */,
				93B37F8C23ECA231009BCAE9 /* Release */,
			);
			defaultConfigurationIsVisible = 0;
			defaultConfigurationName = Release;
		};
		93B37F8D23ECA231009BCAE9 /* Build configuration list for PBXNativeTarget "HackwichThree" */ = {
			isa = XCConfigurationList;
			buildConfigurations = (
				93B37F8E23ECA231009BCAE9 /* Debug */,
				93B37F8F23ECA231009BCAE9 /* Release */,
			);
			defaultConfigurationIsVisible = 0;
			defaultConfigurationName = Release;
		};
		93B37F9023ECA231009BCAE9 /* Build configuration list for PBXNativeTarget "HackwichThreeTests" */ = {
			isa = XCConfigurationList;
			buildConfigurations = (
				93B37F9123ECA231009BCAE9 /* Debug */,
				93B37F9223ECA231009BCAE9 /* Release */,
			);
			defaultConfigurationIsVisible = 0;
			defaultConfigurationName = Release;
		};
		93B37F9323ECA231009BCAE9 /* Build configuration list for PBXNativeTarget "HackwichThreeUITests" */ = {
			isa = XCConfigurationList;
			buildConfigurations = (
				93B37F9423ECA231009BCAE9 /* Debug */,
				93B37F9523ECA231009BCAE9 /* Release */,
			);
			defaultConfigurationIsVisible = 0;
			defaultConfigurationName = Release;
		};
/* End XCConfigurationList section */
	};
	rootObject = 93B37F5B23ECA22E009BCAE9 /* Project object */;
}
